
Microsoft Visual Studio Solution File, Format Version 12.00
# Visual Studio 2012
Project("{FAE04EC0-301F-11D3-BF4B-00C04F79EFBC}") = "Kitbox", "Kitbox\Kitbox.csproj", "{E6203402-4E03-4606-9944-B525B8EE2035}"
EndProject
Global
	GlobalSection(SolutionConfigurationPlatforms) = preSolution
		Debug|x86 = Debug|x86
		Release|x86 = Release|x86
	EndGlobalSection
	GlobalSection(ProjectConfigurationPlatforms) = postSolution
		{E6203402-4E03-4606-9944-B525B8EE2035}.Debug|x86.ActiveCfg = Debug|x86
		{E6203402-4E03-4606-9944-B525B8EE2035}.Debug|x86.Build.0 = Debug|x86
		{E6203402-4E03-4606-9944-B525B8EE2035}.Release|x86.ActiveCfg = Release|x86
		{E6203402-4E03-4606-9944-B525B8EE2035}.Release|x86.Build.0 = Release|x86
	EndGlobalSection
EndGlobal
